
Microsoft Visual Studio Solution File, Format Version 12.00
# Visual Studio Version 17
VisualStudioVersion = 17.14.36401.2 d17.14
MinimumVisualStudioVersion = 10.0.40219.1
Project("{FAE04EC0-301F-11D3-BF4B-00C04F79EFBC}") = "book-seller-backend", "book-seller-backend.csproj", "{31187259-8E45-4BBE-A532-54C6433D43EA}"
EndProject
Global
	GlobalSection(SolutionConfigurationPlatforms) = preSolution
		Debug|Any CPU = Debug|Any CPU
		Release|Any CPU = Release|Any CPU
	EndGlobalSection
	GlobalSection(ProjectConfigurationPlatforms) = postSolution
		{31187259-8E45-4BBE-A532-54C6433D43EA}.Debug|Any CPU.ActiveCfg = Debug|Any CPU
		{31187259-8E45-4BBE-A532-54C6433D43EA}.Debug|Any CPU.Build.0 = Debug|Any CPU
		{31187259-8E45-4BBE-A532-54C6433D43EA}.Release|Any CPU.ActiveCfg = Release|Any CPU
		{31187259-8E45-4BBE-A532-54C6433D43EA}.Release|Any CPU.Build.0 = Release|Any CPU
	EndGlobalSection
	GlobalSection(SolutionProperties) = preSolution
		HideSolutionNode = FALSE
	EndGlobalSection
	GlobalSection(ExtensibilityGlobals) = postSolution
		SolutionGuid = {3B188434-A93A-48FF-80A1-E7E4D21586E1}
	EndGlobalSection
EndGlobal
